// !$*UTF8*$!
{
	archiveVersion = 1;
	classes = {
	};
	objectVersion = 77;
	objects = {

/* Begin PBXBuildFile section */
		8AB888C12E6C06FB0028DD17 /* work_out_watch Watch App.app in Embed Watch Content */ = {isa = PBXBuildFile; fileRef = 8AB888C02E6C06FB0028DD17 /* work_out_watch Watch App.app */; settings = {ATTRIBUTES = (RemoveHeadersOnCopy, ); }; };
/* End PBXBuildFile section */

/* Begin PBXContainerItemProxy section */
		8AB888AB2E6C06FB0028DD17 /* PBXContainerItemProxy */ = {
			isa = PBXContainerItemProxy;
			containerPortal = 8AB888952E6C06FA0028DD17 /* Project object */;
			proxyType = 1;
			remoteGlobalIDString = 8AB8889C2E6C06FA0028DD17;
			remoteInfo = work_out_watch;
		};
		8AB888B52E6C06FB0028DD17 /* PBXContainerItemProxy */ = {
			isa = PBXContainerItemProxy;
			containerPortal = 8AB888952E6C06FA0028DD17 /* Project object */;
			proxyType = 1;
			remoteGlobalIDString = 8AB8889C2E6C06FA0028DD17;
			remoteInfo = work_out_watch;
		};
		8AB888C22E6C06FB0028DD17 /* PBXContainerItemProxy */ = {
			isa = PBXContainerItemProxy;
			containerPortal = 8AB888952E6C06FA0028DD17 /* Project object */;
			proxyType = 1;
			remoteGlobalIDString = 8AB888BF2E6C06FB0028DD17;
			remoteInfo = "work_out_watch Watch App";
		};
		8AB888D02E6C06FC0028DD17 /* PBXContainerItemProxy */ = {
			isa = PBXContainerItemProxy;
			containerPortal = 8AB888952E6C06FA0028DD17 /* Project object */;
			proxyType = 1;
			remoteGlobalIDString = 8AB888BF2E6C06FB0028DD17;
			remoteInfo = "work_out_watch Watch App";
		};
		8AB888DA2E6C06FC0028DD17 /* PBXContainerItemProxy */ = {
			isa = PBXContainerItemProxy;
			containerPortal = 8AB888952E6C06FA0028DD17 /* Project object */;
			proxyType = 1;
			remoteGlobalIDString = 8AB888BF2E6C06FB0028DD17;
			remoteInfo = "work_out_watch Watch App";
		};
/* End PBXContainerItemProxy section */

/* Begin PBXCopyFilesBuildPhase section */
		8AB888E62E6C06FC0028DD17 /* Embed Watch Content */ = {
			isa = PBXCopyFilesBuildPhase;
			buildActionMask = 2147483647;
			dstPath = "$(CONTENTS_FOLDER_PATH)/Watch";
			dstSubfolderSpec = 16;
			files = (
				8AB888C12E6C06FB0028DD17 /* work_out_watch Watch App.app in Embed Watch Content */,
			);
			name = "Embed Watch Content";
			runOnlyForDeploymentPostprocessing = 0;
		};
/* End PBXCopyFilesBuildPhase section */

/* Begin PBXFileReference section */
		8AB8889D2E6C06FA0028DD17 /* work_out_watch.app */ = {isa = PBXFileReference; explicitFileType = wrapper.application; includeInIndex = 0; path = work_out_watch.app; sourceTree = BUILT_PRODUCTS_DIR; };
		8AB888AA2E6C06FB0028DD17 /* work_out_watchTests.xctest */ = {isa = PBXFileReference; explicitFileType = wrapper.cfbundle; includeInIndex = 0; path = work_out_watchTests.xctest; sourceTree = BUILT_PRODUCTS_DIR; };
		8AB888B42E6C06FB0028DD17 /* work_out_watchUITests.xctest */ = {isa = PBXFileReference; explicitFileType = wrapper.cfbundle; includeInIndex = 0; path = work_out_watchUITests.xctest; sourceTree = BUILT_PRODUCTS_DIR; };
		8AB888C02E6C06FB0028DD17 /* work_out_watch Watch App.app */ = {isa = PBXFileReference; explicitFileType = wrapper.application; includeInIndex = 0; path = "work_out_watch Watch App.app"; sourceTree = BUILT_PRODUCTS_DIR; };
		8AB888CF2E6C06FC0028DD17 /* work_out_watch Watch AppTests.xctest */ = {isa = PBXFileReference; explicitFileType = wrapper.cfbundle; includeInIndex = 0; path = "work_out_watch Watch AppTests.xctest"; sourceTree = BUILT_PRODUCTS_DIR; };
		8AB888D92E6C06FC0028DD17 /* work_out_watch Watch AppUITests.xctest */ = {isa = PBXFileReference; explicitFileType = wrapper.cfbundle; includeInIndex = 0; path = "work_out_watch Watch AppUITests.xctest"; sourceTree = BUILT_PRODUCTS_DIR; };
/* End PBXFileReference section */

/* Begin PBXFileSystemSynchronizedRootGroup section */
		8AB8889F2E6C06FA0028DD17 /* work_out_watch */ = {
			isa = PBXFileSystemSynchronizedRootGroup;
			path = work_out_watch;
			sourceTree = "<group>";
		};
		8AB888AD2E6C06FB0028DD17 /* work_out_watchTests */ = {
			isa = PBXFileSystemSynchronizedRootGroup;
			path = work_out_watchTests;
			sourceTree = "<group>";
		};
		8AB888B72E6C06FB0028DD17 /* work_out_watchUITests */ = {
			isa = PBXFileSystemSynchronizedRootGroup;
			path = work_out_watchUITests;
			sourceTree = "<group>";
		};
		8AB888C42E6C06FB0028DD17 /* work_out_watch Watch App */ = {
			isa = PBXFileSystemSynchronizedRootGroup;
			path = "work_out_watch Watch App";
			sourceTree = "<group>";
		};
		8AB888D22E6C06FC0028DD17 /* work_out_watch Watch AppTests */ = {
			isa = PBXFileSystemSynchronizedRootGroup;
			path = "work_out_watch Watch AppTests";
			sourceTree = "<group>";
		};
		8AB888DC2E6C06FC0028DD17 /* work_out_watch Watch AppUITests */ = {
			isa = PBXFileSystemSynchronizedRootGroup;
			path = "work_out_watch Watch AppUITests";
			sourceTree = "<group>";
		};
/* End PBXFileSystemSynchronizedRootGroup section */

/* Begin PBXFrameworksBuildPhase section */
		8AB8889A2E6C06FA0028DD17 /* Frameworks */ = {
			isa = PBXFrameworksBuildPhase;
			buildActionMask = 2147483647;
			files = (
			);
			runOnlyForDeploymentPostprocessing = 0;
		};
		8AB888A72E6C06FB0028DD17 /* Frameworks */ = {
			isa = PBXFrameworksBuildPhase;
			buildActionMask = 2147483647;
			files = (
			);
			runOnlyForDeploymentPostprocessing = 0;
		};
		8AB888B12E6C06FB0028DD17 /* Frameworks */ = {
			isa = PBXFrameworksBuildPhase;
			buildActionMask = 2147483647;
			files = (
			);
			runOnlyForDeploymentPostprocessing = 0;
		};
		8AB888BD2E6C06FB0028DD17 /* Frameworks */ = {
			isa = PBXFrameworksBuildPhase;
			buildActionMask = 2147483647;
			files = (
			);
			runOnlyForDeploymentPostprocessing = 0;
		};
		8AB888CC2E6C06FC0028DD17 /* Frameworks */ = {
			isa = PBXFrameworksBuildPhase;
			buildActionMask = 2147483647;
			files = (
			);
			runOnlyForDeploymentPostprocessing = 0;
		};
		8AB888D62E6C06FC0028DD17 /* Frameworks */ = {
			isa = PBXFrameworksBuildPhase;
			buildActionMask = 2147483647;
			files = (
			);
			runOnlyForDeploymentPostprocessing = 0;
		};
/* End PBXFrameworksBuildPhase section */

/* Begin PBXGroup section */
		8AB888942E6C06FA0028DD17 = {
			isa = PBXGroup;
			children = (
				8AB8889F2E6C06FA0028DD17 /* work_out_watch */,
				8AB888AD2E6C06FB0028DD17 /* work_out_watchTests */,
				8AB888B72E6C06FB0028DD17 /* work_out_watchUITests */,
				8AB888C42E6C06FB0028DD17 /* work_out_watch Watch App */,
				8AB888D22E6C06FC0028DD17 /* work_out_watch Watch AppTests */,
				8AB888DC2E6C06FC0028DD17 /* work_out_watch Watch AppUITests */,
				8AB8889E2E6C06FA0028DD17 /* Products */,
			);
			sourceTree = "<group>";
		};
		8AB8889E2E6C06FA0028DD17 /* Products */ = {
			isa = PBXGroup;
			children = (
				8AB8889D2E6C06FA0028DD17 /* work_out_watch.app */,
				8AB888AA2E6C06FB0028DD17 /* work_out_watchTests.xctest */,
				8AB888B42E6C06FB0028DD17 /* work_out_watchUITests.xctest */,
				8AB888C02E6C06FB0028DD17 /* work_out_watch Watch App.app */,
				8AB888CF2E6C06FC0028DD17 /* work_out_watch Watch AppTests.xctest */,
				8AB888D92E6C06FC0028DD17 /* work_out_watch Watch AppUITests.xctest */,
			);
			name = Products;
			sourceTree = "<group>";
		};
/* End PBXGroup section */

/* Begin PBXNativeTarget section */
		8AB8889C2E6C06FA0028DD17 /* work_out_watch */ = {
			isa = PBXNativeTarget;
			buildConfigurationList = 8AB888E72E6C06FC0028DD17 /* Build configuration list for PBXNativeTarget "work_out_watch" */;
			buildPhases = (
				8AB888992E6C06FA0028DD17 /* Sources */,
				8AB8889A2E6C06FA0028DD17 /* Frameworks */,
				8AB8889B2E6C06FA0028DD17 /* Resources */,
				8AB888E62E6C06FC0028DD17 /* Embed Watch Content */,
			);
			buildRules = (
			);
			dependencies = (
				8AB888C32E6C06FB0028DD17 /* PBXTargetDependency */,
			);
			fileSystemSynchronizedGroups = (
				8AB8889F2E6C06FA0028DD17 /* work_out_watch */,
			);
			name = work_out_watch;
			packageProductDependencies = (
			);
			productName = work_out_watch;
			productReference = 8AB8889D2E6C06FA0028DD17 /* work_out_watch.app */;
			productType = "com.apple.product-type.application";
		};
		8AB888A92E6C06FB0028DD17 /* work_out_watchTests */ = {
			isa = PBXNativeTarget;
			buildConfigurationList = 8AB888EA2E6C06FC0028DD17 /* Build configuration list for PBXNativeTarget "work_out_watchTests" */;
			buildPhases = (
				8AB888A62E6C06FB0028DD17 /* Sources */,
				8AB888A72E6C06FB0028DD17 /* Frameworks */,
				8AB888A82E6C06FB0028DD17 /* Resources */,
			);
			buildRules = (
			);
			dependencies = (
				8AB888AC2E6C06FB0028DD17 /* PBXTargetDependency */,
			);
			fileSystemSynchronizedGroups = (
				8AB888AD2E6C06FB0028DD17 /* work_out_watchTests */,
			);
			name = work_out_watchTests;
			packageProductDependencies = (
			);
			productName = work_out_watchTests;
			productReference = 8AB888AA2E6C06FB0028DD17 /* work_out_watchTests.xctest */;
			productType = "com.apple.product-type.bundle.unit-test";
		};
		8AB888B32E6C06FB0028DD17 /* work_out_watchUITests */ = {
			isa = PBXNativeTarget;
			buildConfigurationList = 8AB888ED2E6C06FC0028DD17 /* Build configuration list for PBXNativeTarget "work_out_watchUITests" */;
			buildPhases = (
				8AB888B02E6C06FB0028DD17 /* Sources */,
				8AB888B12E6C06FB0028DD17 /* Frameworks */,
				8AB888B22E6C06FB0028DD17 /* Resources */,
			);
			buildRules = (
			);
			dependencies = (
				8AB888B62E6C06FB0028DD17 /* PBXTargetDependency */,
			);
			fileSystemSynchronizedGroups = (
				8AB888B72E6C06FB0028DD17 /* work_out_watchUITests */,
			);
			name = work_out_watchUITests;
			packageProductDependencies = (
			);
			productName = work_out_watchUITests;
			productReference = 8AB888B42E6C06FB0028DD17 /* work_out_watchUITests.xctest */;
			productType = "com.apple.product-type.bundle.ui-testing";
		};
		8AB888BF2E6C06FB0028DD17 /* work_out_watch Watch App */ = {
			isa = PBXNativeTarget;
			buildConfigurationList = 8AB888E32E6C06FC0028DD17 /* Build configuration list for PBXNativeTarget "work_out_watch Watch App" */;
			buildPhases = (
				8AB888BC2E6C06FB0028DD17 /* Sources */,
				8AB888BD2E6C06FB0028DD17 /* Frameworks */,
				8AB888BE2E6C06FB0028DD17 /* Resources */,
			);
			buildRules = (
			);
			dependencies = (
			);
			fileSystemSynchronizedGroups = (
				8AB888C42E6C06FB0028DD17 /* work_out_watch Watch App */,
			);
			name = "work_out_watch Watch App";
			packageProductDependencies = (
			);
			productName = "work_out_watch Watch App";
			productReference = 8AB888C02E6C06FB0028DD17 /* work_out_watch Watch App.app */;
			productType = "com.apple.product-type.application";
		};
		8AB888CE2E6C06FC0028DD17 /* work_out_watch Watch AppTests */ = {
			isa = PBXNativeTarget;
			buildConfigurationList = 8AB888F02E6C06FC0028DD17 /* Build configuration list for PBXNativeTarget "work_out_watch Watch AppTests" */;
			buildPhases = (
				8AB888CB2E6C06FC0028DD17 /* Sources */,
				8AB888CC2E6C06FC0028DD17 /* Frameworks */,
				8AB888CD2E6C06FC0028DD17 /* Resources */,
			);
			buildRules = (
			);
			dependencies = (
				8AB888D12E6C06FC0028DD17 /* PBXTargetDependency */,
			);
			fileSystemSynchronizedGroups = (
				8AB888D22E6C06FC0028DD17 /* work_out_watch Watch AppTests */,
			);
			name = "work_out_watch Watch AppTests";
			packageProductDependencies = (
			);
			productName = "work_out_watch Watch AppTests";
			productReference = 8AB888CF2E6C06FC0028DD17 /* work_out_watch Watch AppTests.xctest */;
			productType = "com.apple.product-type.bundle.unit-test";
		};
		8AB888D82E6C06FC0028DD17 /* work_out_watch Watch AppUITests */ = {
			isa = PBXNativeTarget;
			buildConfigurationList = 8AB888F32E6C06FC0028DD17 /* Build configuration list for PBXNativeTarget "work_out_watch Watch AppUITests" */;
			buildPhases = (
				8AB888D52E6C06FC0028DD17 /* Sources */,
				8AB888D62E6C06FC0028DD17 /* Frameworks */,
				8AB888D72E6C06FC0028DD17 /* Resources */,
			);
			buildRules = (
			);
			dependencies = (
				8AB888DB2E6C06FC0028DD17 /* PBXTargetDependency */,
			);
			fileSystemSynchronizedGroups = (
				8AB888DC2E6C06FC0028DD17 /* work_out_watch Watch AppUITests */,
			);
			name = "work_out_watch Watch AppUITests";
			packageProductDependencies = (
			);
			productName = "work_out_watch Watch AppUITests";
			productReference = 8AB888D92E6C06FC0028DD17 /* work_out_watch Watch AppUITests.xctest */;
			productType = "com.apple.product-type.bundle.ui-testing";
		};
/* End PBXNativeTarget section */

/* Begin PBXProject section */
		8AB888952E6C06FA0028DD17 /* Project object */ = {
			isa = PBXProject;
			attributes = {
				BuildIndependentTargetsInParallel = 1;
				LastSwiftUpdateCheck = 1640;
				LastUpgradeCheck = 1640;
				TargetAttributes = {
					8AB8889C2E6C06FA0028DD17 = {
						CreatedOnToolsVersion = 16.4;
					};
					8AB888A92E6C06FB0028DD17 = {
						CreatedOnToolsVersion = 16.4;
						TestTargetID = 8AB8889C2E6C06FA0028DD17;
					};
					8AB888B32E6C06FB0028DD17 = {
						CreatedOnToolsVersion = 16.4;
						TestTargetID = 8AB8889C2E6C06FA0028DD17;
					};
					8AB888BF2E6C06FB0028DD17 = {
						CreatedOnToolsVersion = 16.4;
					};
					8AB888CE2E6C06FC0028DD17 = {
						CreatedOnToolsVersion = 16.4;
						TestTargetID = 8AB888BF2E6C06FB0028DD17;
					};
					8AB888D82E6C06FC0028DD17 = {
						CreatedOnToolsVersion = 16.4;
						TestTargetID = 8AB888BF2E6C06FB0028DD17;
					};
				};
			};
			buildConfigurationList = 8AB888982E6C06FA0028DD17 /* Build configuration list for PBXProject "work_out_watch" */;
			developmentRegion = en;
			hasScannedForEncodings = 0;
			knownRegions = (
				en,
				Base,
			);
			mainGroup = 8AB888942E6C06FA0028DD17;
			minimizedProjectReferenceProxies = 1;
			preferredProjectObjectVersion = 77;
			productRefGroup = 8AB8889E2E6C06FA0028DD17 /* Products */;
			projectDirPath = "";
			projectRoot = "";
			targets = (
				8AB8889C2E6C06FA0028DD17 /* work_out_watch */,
				8AB888A92E6C06FB0028DD17 /* work_out_watchTests */,
				8AB888B32E6C06FB0028DD17 /* work_out_watchUITests */,
				8AB888BF2E6C06FB0028DD17 /* work_out_watch Watch App */,
				8AB888CE2E6C06FC0028DD17 /* work_out_watch Watch AppTests */,
				8AB888D82E6C06FC0028DD17 /* work_out_watch Watch AppUITests */,
			);
		};
/* End PBXProject section */

/* Begin PBXResourcesBuildPhase section */
		8AB8889B2E6C06FA0028DD17 /* Resources */ = {
			isa = PBXResourcesBuildPhase;
			buildActionMask = 2147483647;
			files = (
			);
			runOnlyForDeploymentPostprocessing = 0;
		};
		8AB888A82E6C06FB0028DD17 /* Resources */ = {
			isa = PBXResourcesBuildPhase;
			buildActionMask = 2147483647;
			files = (
			);
			runOnlyForDeploymentPostprocessing = 0;
		};
		8AB888B22E6C06FB0028DD17 /* Resources */ = {
			isa = PBXResourcesBuildPhase;
			buildActionMask = 2147483647;
			files = (
			);
			runOnlyForDeploymentPostprocessing = 0;
		};
		8AB888BE2E6C06FB0028DD17 /* Resources */ = {
			isa = PBXResourcesBuildPhase;
			buildActionMask = 2147483647;
			files = (
			);
			runOnlyForDeploymentPostprocessing = 0;
		};
		8AB888CD2E6C06FC0028DD17 /* Resources */ = {
			isa = PBXResourcesBuildPhase;
			buildActionMask = 2147483647;
			files = (
			);
			runOnlyForDeploymentPostprocessing = 0;
		};
		8AB888D72E6C06FC0028DD17 /* Resources */ = {
			isa = PBXResourcesBuildPhase;
			buildActionMask = 2147483647;
			files = (
			);
			runOnlyForDeploymentPostprocessing = 0;
		};
/* End PBXResourcesBuildPhase section */

/* Begin PBXSourcesBuildPhase section */
		8AB888992E6C06FA0028DD17 /* Sources */ = {
			isa = PBXSourcesBuildPhase;
			buildActionMask = 2147483647;
			files = (
			);
			runOnlyForDeploymentPostprocessing = 0;
		};
		8AB888A62E6C06FB0028DD17 /* Sources */ = {
			isa = PBXSourcesBuildPhase;
			buildActionMask = 2147483647;
			files = (
			);
			runOnlyForDeploymentPostprocessing = 0;
		};
		8AB888B02E6C06FB0028DD17 /* Sources */ = {
			isa = PBXSourcesBuildPhase;
			buildActionMask = 2147483647;
			files = (
			);
			runOnlyForDeploymentPostprocessing = 0;
		};
		8AB888BC2E6C06FB0028DD17 /* Sources */ = {
			isa = PBXSourcesBuildPhase;
			buildActionMask = 2147483647;
			files = (
			);
			runOnlyForDeploymentPostprocessing = 0;
		};
		8AB888CB2E6C06FC0028DD17 /* Sources */ = {
			isa = PBXSourcesBuildPhase;
			buildActionMask = 2147483647;
			files = (
			);
			runOnlyForDeploymentPostprocessing = 0;
		};
		8AB888D52E6C06FC0028DD17 /* Sources */ = {
			isa = PBXSourcesBuildPhase;
			buildActionMask = 2147483647;
			files = (
			);
			runOnlyForDeploymentPostprocessing = 0;
		};
/* End PBXSourcesBuildPhase section */

/* Begin PBXTargetDependency section */
		8AB888AC2E6C06FB0028DD17 /* PBXTargetDependency */ = {
			isa = PBXTargetDependency;
			target = 8AB8889C2E6C06FA0028DD17 /* work_out_watch */;
			targetProxy = 8AB888AB2E6C06FB0028DD17 /* PBXContainerItemProxy */;
		};
		8AB888B62E6C06FB0028DD17 /* PBXTargetDependency */ = {
			isa = PBXTargetDependency;
			target = 8AB8889C2E6C06FA0028DD17 /* work_out_watch */;
			targetProxy = 8AB888B52E6C06FB0028DD17 /* PBXContainerItemProxy */;
		};
		8AB888C32E6C06FB0028DD17 /* PBXTargetDependency */ = {
			isa = PBXTargetDependency;
			target = 8AB888BF2E6C06FB0028DD17 /* work_out_watch Watch App */;
			targetProxy = 8AB888C22E6C06FB0028DD17 /* PBXContainerItemProxy */;
		};
		8AB888D12E6C06FC0028DD17 /* PBXTargetDependency */ = {
			isa = PBXTargetDependency;
			target = 8AB888BF2E6C06FB0028DD17 /* work_out_watch Watch App */;
			targetProxy = 8AB888D02E6C06FC0028DD17 /* PBXContainerItemProxy */;
		};
		8AB888DB2E6C06FC0028DD17 /* PBXTargetDependency */ = {
			isa = PBXTargetDependency;
			target = 8AB888BF2E6C06FB0028DD17 /* work_out_watch Watch App */;
			targetProxy = 8AB888DA2E6C06FC0028DD17 /* PBXContainerItemProxy */;
		};
/* End PBXTargetDependency section */

/* Begin XCBuildConfiguration section */
		8AB888E12E6C06FC0028DD17 /* Debug */ = {
			isa = XCBuildConfiguration;
			buildSettings = {
				ALWAYS_SEARCH_USER_PATHS = NO;
				ASSETCATALOG_COMPILER_GENERATE_SWIFT_ASSET_SYMBOL_EXTENSIONS = YES;
				CLANG_ANALYZER_NONNULL = YES;
				CLANG_ANALYZER_NUMBER_OBJECT_CONVERSION = YES_AGGRESSIVE;
				CLANG_CXX_LANGUAGE_STANDARD = "gnu++20";
				CLANG_ENABLE_MODULES = YES;
				CLANG_ENABLE_OBJC_ARC = YES;
				CLANG_ENABLE_OBJC_WEAK = YES;
				CLANG_WARN_BLOCK_CAPTURE_AUTORELEASING = YES;
				CLANG_WARN_BOOL_CONVERSION = YES;
				CLANG_WARN_COMMA = YES;
				CLANG_WARN_CONSTANT_CONVERSION = YES;
				CLANG_WARN_DEPRECATED_OBJC_IMPLEMENTATIONS = YES;
				CLANG_WARN_DIRECT_OBJC_ISA_USAGE = YES_ERROR;
				CLANG_WARN_DOCUMENTATION_COMMENTS = YES;
				CLANG_WARN_EMPTY_BODY = YES;
				CLANG_WARN_ENUM_CONVERSION = YES;
				CLANG_WARN_INFINITE_RECURSION = YES;
				CLANG_WARN_INT_CONVERSION = YES;
				CLANG_WARN_NON_LITERAL_NULL_CONVERSION = YES;
				CLANG_WARN_OBJC_IMPLICIT_RETAIN_SELF = YES;
				CLANG_WARN_OBJC_LITERAL_CONVERSION = YES;
				CLANG_WARN_OBJC_ROOT_CLASS = YES_ERROR;
				CLANG_WARN_QUOTED_INCLUDE_IN_FRAMEWORK_HEADER = YES;
				CLANG_WARN_RANGE_LOOP_ANALYSIS = YES;
				CLANG_WARN_STRICT_PROTOTYPES = YES;
				CLANG_WARN_SUSPICIOUS_MOVE = YES;
				CLANG_WARN_UNGUARDED_AVAILABILITY = YES_AGGRESSIVE;
				CLANG_WARN_UNREACHABLE_CODE = YES;
				CLANG_WARN__DUPLICATE_METHOD_MATCH = YES;
				COPY_PHASE_STRIP = NO;
				DEBUG_INFORMATION_FORMAT = dwarf;
				DEVELOPMENT_TEAM = WBQR8WS2B2;
				ENABLE_STRICT_OBJC_MSGSEND = YES;
				ENABLE_TESTABILITY = YES;
				ENABLE_USER_SCRIPT_SANDBOXING = YES;
				GCC_C_LANGUAGE_STANDARD = gnu17;
				GCC_DYNAMIC_NO_PIC = NO;
				GCC_NO_COMMON_BLOCKS = YES;
				GCC_OPTIMIZATION_LEVEL = 0;
				GCC_PREPROCESSOR_DEFINITIONS = (
					"DEBUG=1",
					"$(inherited)",
				);
				GCC_WARN_64_TO_32_BIT_CONVERSION = YES;
				GCC_WARN_ABOUT_RETURN_TYPE = YES_ERROR;
				GCC_WARN_UNDECLARED_SELECTOR = YES;
				GCC_WARN_UNINITIALIZED_AUTOS = YES_AGGRESSIVE;
				GCC_WARN_UNUSED_FUNCTION = YES;
				GCC_WARN_UNUSED_VARIABLE = YES;
				LOCALIZATION_PREFERS_STRING_CATALOGS = YES;
				MTL_ENABLE_DEBUG_INFO = INCLUDE_SOURCE;
				MTL_FAST_MATH = YES;
				ONLY_ACTIVE_ARCH = YES;
				SWIFT_ACTIVE_COMPILATION_CONDITIONS = "DEBUG $(inherited)";
				SWIFT_OPTIMIZATION_LEVEL = "-Onone";
			};
			name = Debug;
		};
		8AB888E22E6C06FC0028DD17 /* Release */ = {
			isa = XCBuildConfiguration;
			buildSettings = {
				ALWAYS_SEARCH_USER_PATHS = NO;
				ASSETCATALOG_COMPILER_GENERATE_SWIFT_ASSET_SYMBOL_EXTENSIONS = YES;
				CLANG_ANALYZER_NONNULL = YES;
				CLANG_ANALYZER_NUMBER_OBJECT_CONVERSION = YES_AGGRESSIVE;
				CLANG_CXX_LANGUAGE_STANDARD = "gnu++20";
				CLANG_ENABLE_MODULES = YES;
				CLANG_ENABLE_OBJC_ARC = YES;
				CLANG_ENABLE_OBJC_WEAK = YES;
				CLANG_WARN_BLOCK_CAPTURE_AUTORELEASING = YES;
				CLANG_WARN_BOOL_CONVERSION = YES;
				CLANG_WARN_COMMA = YES;
				CLANG_WARN_CONSTANT_CONVERSION = YES;
				CLANG_WARN_DEPRECATED_OBJC_IMPLEMENTATIONS = YES;
				CLANG_WARN_DIRECT_OBJC_ISA_USAGE = YES_ERROR;
				CLANG_WARN_DOCUMENTATION_COMMENTS = YES;
				CLANG_WARN_EMPTY_BODY = YES;
				CLANG_WARN_ENUM_CONVERSION = YES;
				CLANG_WARN_INFINITE_RECURSION = YES;
				CLANG_WARN_INT_CONVERSION = YES;
				CLANG_WARN_NON_LITERAL_NULL_CONVERSION = YES;
				CLANG_WARN_OBJC_IMPLICIT_RETAIN_SELF = YES;
				CLANG_WARN_OBJC_LITERAL_CONVERSION = YES;
				CLANG_WARN_OBJC_ROOT_CLASS = YES_ERROR;
				CLANG_WARN_QUOTED_INCLUDE_IN_FRAMEWORK_HEADER = YES;
				CLANG_WARN_RANGE_LOOP_ANALYSIS = YES;
				CLANG_WARN_STRICT_PROTOTYPES = YES;
				CLANG_WARN_SUSPICIOUS_MOVE = YES;
				CLANG_WARN_UNGUARDED_AVAILABILITY = YES_AGGRESSIVE;
				CLANG_WARN_UNREACHABLE_CODE = YES;
				CLANG_WARN__DUPLICATE_METHOD_MATCH = YES;
				COPY_PHASE_STRIP = NO;
				DEBUG_INFORMATION_FORMAT = "dwarf-with-dsym";
				DEVELOPMENT_TEAM = WBQR8WS2B2;
				ENABLE_NS_ASSERTIONS = NO;
				ENABLE_STRICT_OBJC_MSGSEND = YES;
				ENABLE_USER_SCRIPT_SANDBOXING = YES;
				GCC_C_LANGUAGE_STANDARD = gnu17;
				GCC_NO_COMMON_BLOCKS = YES;
				GCC_WARN_64_TO_32_BIT_CONVERSION = YES;
				GCC_WARN_ABOUT_RETURN_TYPE = YES_ERROR;
				GCC_WARN_UNDECLARED_SELECTOR = YES;
				GCC_WARN_UNINITIALIZED_AUTOS = YES_AGGRESSIVE;
				GCC_WARN_UNUSED_FUNCTION = YES;
				GCC_WARN_UNUSED_VARIABLE = YES;
				LOCALIZATION_PREFERS_STRING_CATALOGS = YES;
				MTL_ENABLE_DEBUG_INFO = NO;
				MTL_FAST_MATH = YES;
				SWIFT_COMPILATION_MODE = wholemodule;
			};
			name = Release;
		};
		8AB888E42E6C06FC0028DD17 /* Debug */ = {
			isa = XCBuildConfiguration;
			buildSettings = {
				ASSETCATALOG_COMPILER_APPICON_NAME = AppIcon;
				ASSETCATALOG_COMPILER_GLOBAL_ACCENT_COLOR_NAME = AccentColor;
				CODE_SIGN_STYLE = Automatic;
				CURRENT_PROJECT_VERSION = 1;
				DEVELOPMENT_TEAM = WBQR8WS2B2;
				ENABLE_PREVIEWS = YES;
				GENERATE_INFOPLIST_FILE = YES;
				INFOPLIST_KEY_CFBundleDisplayName = work_out_watch;
				INFOPLIST_KEY_UISupportedInterfaceOrientations = "UIInterfaceOrientationPortrait UIInterfaceOrientationPortraitUpsideDown";
				INFOPLIST_KEY_WKCompanionAppBundleIdentifier = "com.kotaro.work-out-watch";
				LD_RUNPATH_SEARCH_PATHS = (
					"$(inherited)",
					"@executable_path/Frameworks",
				);
				MARKETING_VERSION = 1.0;
				PRODUCT_BUNDLE_IDENTIFIER = "com.kotaro.work-out-watch.watchkitapp";
				PRODUCT_NAME = "$(TARGET_NAME)";
				SDKROOT = watchos;
				SKIP_INSTALL = YES;
				SWIFT_EMIT_LOC_STRINGS = YES;
				SWIFT_VERSION = 5.0;
				TARGETED_DEVICE_FAMILY = 4;
				WATCHOS_DEPLOYMENT_TARGET = 11.5;
			};
			name = Debug;
		};
		8AB888E52E6C06FC0028DD17 /* Release */ = {
			isa = XCBuildConfiguration;
			buildSettings = {
				ASSETCATALOG_COMPILER_APPICON_NAME = AppIcon;
				ASSETCATALOG_COMPILER_GLOBAL_ACCENT_COLOR_NAME = AccentColor;
				CODE_SIGN_STYLE = Automatic;
				CURRENT_PROJECT_VERSION = 1;
				DEVELOPMENT_TEAM = WBQR8WS2B2;
				ENABLE_PREVIEWS = YES;
				GENERATE_INFOPLIST_FILE = YES;
				INFOPLIST_KEY_CFBundleDisplayName = work_out_watch;
				INFOPLIST_KEY_UISupportedInterfaceOrientations = "UIInterfaceOrientationPortrait UIInterfaceOrientationPortraitUpsideDown";
				INFOPLIST_KEY_WKCompanionAppBundleIdentifier = "com.kotaro.work-out-watch";
				LD_RUNPATH_SEARCH_PATHS = (
					"$(inherited)",
					"@executable_path/Frameworks",
				);
				MARKETING_VERSION = 1.0;
				PRODUCT_BUNDLE_IDENTIFIER = "com.kotaro.work-out-watch.watchkitapp";
				PRODUCT_NAME = "$(TARGET_NAME)";
				SDKROOT = watchos;
				SKIP_INSTALL = YES;
				SWIFT_EMIT_LOC_STRINGS = YES;
				SWIFT_VERSION = 5.0;
				TARGETED_DEVICE_FAMILY = 4;
				VALIDATE_PRODUCT = YES;
				WATCHOS_DEPLOYMENT_TARGET = 11.5;
			};
			name = Release;
		};
		8AB888E82E6C06FC0028DD17 /* Debug */ = {
			isa = XCBuildConfiguration;
			buildSettings = {
				ASSETCATALOG_COMPILER_APPICON_NAME = AppIcon;
				ASSETCATALOG_COMPILER_GLOBAL_ACCENT_COLOR_NAME = AccentColor;
				CODE_SIGN_STYLE = Automatic;
				CURRENT_PROJECT_VERSION = 1;
				DEVELOPMENT_TEAM = WBQR8WS2B2;
				ENABLE_PREVIEWS = YES;
				GENERATE_INFOPLIST_FILE = YES;
				INFOPLIST_KEY_CFBundleDisplayName = work_out_watch;
				INFOPLIST_KEY_UIApplicationSceneManifest_Generation = YES;
				INFOPLIST_KEY_UIApplicationSupportsIndirectInputEvents = YES;
				INFOPLIST_KEY_UILaunchScreen_Generation = YES;
				INFOPLIST_KEY_UISupportedInterfaceOrientations_iPad = "UIInterfaceOrientationPortrait UIInterfaceOrientationPortraitUpsideDown UIInterfaceOrientationLandscapeLeft UIInterfaceOrientationLandscapeRight";
				INFOPLIST_KEY_UISupportedInterfaceOrientations_iPhone = "UIInterfaceOrientationPortrait UIInterfaceOrientationLandscapeLeft UIInterfaceOrientationLandscapeRight";
				IPHONEOS_DEPLOYMENT_TARGET = 18.5;
				LD_RUNPATH_SEARCH_PATHS = (
					"$(inherited)",
					"@executable_path/Frameworks",
				);
				MARKETING_VERSION = 1.0;
				PRODUCT_BUNDLE_IDENTIFIER = "com.kotaro.work-out-watch";
				PRODUCT_NAME = "$(TARGET_NAME)";
				SDKROOT = iphoneos;
				SWIFT_EMIT_LOC_STRINGS = YES;
				SWIFT_VERSION = 5.0;
				TARGETED_DEVICE_FAMILY = "1,2";
			};
			name = Debug;
		};
		8AB888E92E6C06FC0028DD17 /* Release */ = {
			isa = XCBuildConfiguration;
			buildSettings = {
				ASSETCATALOG_COMPILER_APPICON_NAME = AppIcon;
				ASSETCATALOG_COMPILER_GLOBAL_ACCENT_COLOR_NAME = AccentColor;
				CODE_SIGN_STYLE = Automatic;
				CURRENT_PROJECT_VERSION = 1;
				DEVELOPMENT_TEAM = WBQR8WS2B2;
				ENABLE_PREVIEWS = YES;
				GENERATE_INFOPLIST_FILE = YES;
				INFOPLIST_KEY_CFBundleDisplayName = work_out_watch;
				INFOPLIST_KEY_UIApplicationSceneManifest_Generation = YES;
				INFOPLIST_KEY_UIApplicationSupportsIndirectInputEvents = YES;
				INFOPLIST_KEY_UILaunchScreen_Generation = YES;
				INFOPLIST_KEY_UISupportedInterfaceOrientations_iPad = "UIInterfaceOrientationPortrait UIInterfaceOrientationPortraitUpsideDown UIInterfaceOrientationLandscapeLeft UIInterfaceOrientationLandscapeRight";
				INFOPLIST_KEY_UISupportedInterfaceOrientations_iPhone = "UIInterfaceOrientationPortrait UIInterfaceOrientationLandscapeLeft UIInterfaceOrientationLandscapeRight";
				IPHONEOS_DEPLOYMENT_TARGET = 18.5;
				LD_RUNPATH_SEARCH_PATHS = (
					"$(inherited)",
					"@executable_path/Frameworks",
				);
				MARKETING_VERSION = 1.0;
				PRODUCT_BUNDLE_IDENTIFIER = "com.kotaro.work-out-watch";
				PRODUCT_NAME = "$(TARGET_NAME)";
				SDKROOT = iphoneos;
				SWIFT_EMIT_LOC_STRINGS = YES;
				SWIFT_VERSION = 5.0;
				TARGETED_DEVICE_FAMILY = "1,2";
				VALIDATE_PRODUCT = YES;
			};
			name = Release;
		};
		8AB888EB2E6C06FC0028DD17 /* Debug */ = {
			isa = XCBuildConfiguration;
			buildSettings = {
				BUNDLE_LOADER = "$(TEST_HOST)";
				CODE_SIGN_STYLE = Automatic;
				CURRENT_PROJECT_VERSION = 1;
				DEVELOPMENT_TEAM = WBQR8WS2B2;
				GENERATE_INFOPLIST_FILE = YES;
				IPHONEOS_DEPLOYMENT_TARGET = 18.5;
				MARKETING_VERSION = 1.0;
				PRODUCT_BUNDLE_IDENTIFIER = "com.kotaro.work-out-watchTests";
				PRODUCT_NAME = "$(TARGET_NAME)";
				SDKROOT = iphoneos;
				SWIFT_EMIT_LOC_STRINGS = NO;
				SWIFT_VERSION = 5.0;
				TARGETED_DEVICE_FAMILY = "1,2";
				TEST_HOST = "$(BUILT_PRODUCTS_DIR)/work_out_watch.app/$(BUNDLE_EXECUTABLE_FOLDER_PATH)/work_out_watch";
			};
			name = Debug;
		};
		8AB888EC2E6C06FC0028DD17 /* Release */ = {
			isa = XCBuildConfiguration;
			buildSettings = {
				BUNDLE_LOADER = "$(TEST_HOST)";
				CODE_SIGN_STYLE = Automatic;
				CURRENT_PROJECT_VERSION = 1;
				DEVELOPMENT_TEAM = WBQR8WS2B2;
				GENERATE_INFOPLIST_FILE = YES;
				IPHONEOS_DEPLOYMENT_TARGET = 18.5;
				MARKETING_VERSION = 1.0;
				PRODUCT_BUNDLE_IDENTIFIER = "com.kotaro.work-out-watchTests";
				PRODUCT_NAME = "$(TARGET_NAME)";
				SDKROOT = iphoneos;
				SWIFT_EMIT_LOC_STRINGS = NO;
				SWIFT_VERSION = 5.0;
				TARGETED_DEVICE_FAMILY = "1,2";
				TEST_HOST = "$(BUILT_PRODUCTS_DIR)/work_out_watch.app/$(BUNDLE_EXECUTABLE_FOLDER_PATH)/work_out_watch";
				VALIDATE_PRODUCT = YES;
			};
			name = Release;
		};
		8AB888EE2E6C06FC0028DD17 /* Debug */ = {
			isa = XCBuildConfiguration;
			buildSettings = {
				CODE_SIGN_STYLE = Automatic;
				CURRENT_PROJECT_VERSION = 1;
				DEVELOPMENT_TEAM = WBQR8WS2B2;
				GENERATE_INFOPLIST_FILE = YES;
				IPHONEOS_DEPLOYMENT_TARGET = 18.5;
				MARKETING_VERSION = 1.0;
				PRODUCT_BUNDLE_IDENTIFIER = "com.kotaro.work-out-watchUITests";
				PRODUCT_NAME = "$(TARGET_NAME)";
				SDKROOT = iphoneos;
				SWIFT_EMIT_LOC_STRINGS = NO;
				SWIFT_VERSION = 5.0;
				TARGETED_DEVICE_FAMILY = "1,2";
				TEST_TARGET_NAME = work_out_watch;
			};
			name = Debug;
		};
		8AB888EF2E6C06FC0028DD17 /* Release */ = {
			isa = XCBuildConfiguration;
			buildSettings = {
				CODE_SIGN_STYLE = Automatic;
				CURRENT_PROJECT_VERSION = 1;
				DEVELOPMENT_TEAM = WBQR8WS2B2;
				GENERATE_INFOPLIST_FILE = YES;
				IPHONEOS_DEPLOYMENT_TARGET = 18.5;
				MARKETING_VERSION = 1.0;
				PRODUCT_BUNDLE_IDENTIFIER = "com.kotaro.work-out-watchUITests";
				PRODUCT_NAME = "$(TARGET_NAME)";
				SDKROOT = iphoneos;
				SWIFT_EMIT_LOC_STRINGS = NO;
				SWIFT_VERSION = 5.0;
				TARGETED_DEVICE_FAMILY = "1,2";
				TEST_TARGET_NAME = work_out_watch;
				VALIDATE_PRODUCT = YES;
			};
			name = Release;
		};
		8AB888F12E6C06FC0028DD17 /* Debug */ = {
			isa = XCBuildConfiguration;
			buildSettings = {
				BUNDLE_LOADER = "$(TEST_HOST)";
				CODE_SIGN_STYLE = Automatic;
				CURRENT_PROJECT_VERSION = 1;
				DEVELOPMENT_TEAM = WBQR8WS2B2;
				GENERATE_INFOPLIST_FILE = YES;
				MARKETING_VERSION = 1.0;
				PRODUCT_BUNDLE_IDENTIFIER = "com.kotaro.work-out-watch-Watch-AppTests";
				PRODUCT_NAME = "$(TARGET_NAME)";
				SDKROOT = watchos;
				SWIFT_EMIT_LOC_STRINGS = NO;
				SWIFT_VERSION = 5.0;
				TARGETED_DEVICE_FAMILY = 4;
				TEST_HOST = "$(BUILT_PRODUCTS_DIR)/work_out_watch Watch App.app/$(BUNDLE_EXECUTABLE_FOLDER_PATH)/work_out_watch Watch App";
				WATCHOS_DEPLOYMENT_TARGET = 11.5;
			};
			name = Debug;
		};
		8AB888F22E6C06FC0028DD17 /* Release */ = {
			isa = XCBuildConfiguration;
			buildSettings = {
				BUNDLE_LOADER = "$(TEST_HOST)";
				CODE_SIGN_STYLE = Automatic;
				CURRENT_PROJECT_VERSION = 1;
				DEVELOPMENT_TEAM = WBQR8WS2B2;
				GENERATE_INFOPLIST_FILE = YES;
				MARKETING_VERSION = 1.0;
				PRODUCT_BUNDLE_IDENTIFIER = "com.kotaro.work-out-watch-Watch-AppTests";
				PRODUCT_NAME = "$(TARGET_NAME)";
				SDKROOT = watchos;
				SWIFT_EMIT_LOC_STRINGS = NO;
				SWIFT_VERSION = 5.0;
				TARGETED_DEVICE_FAMILY = 4;
				TEST_HOST = "$(BUILT_PRODUCTS_DIR)/work_out_watch Watch App.app/$(BUNDLE_EXECUTABLE_FOLDER_PATH)/work_out_watch Watch App";
				VALIDATE_PRODUCT = YES;
				WATCHOS_DEPLOYMENT_TARGET = 11.5;
			};
			name = Release;
		};
		8AB888F42E6C06FC0028DD17 /* Debug */ = {
			isa = XCBuildConfiguration;
			buildSettings = {
				CODE_SIGN_STYLE = Automatic;
				CURRENT_PROJECT_VERSION = 1;
				DEVELOPMENT_TEAM = WBQR8WS2B2;
				GENERATE_INFOPLIST_FILE = YES;
				MARKETING_VERSION = 1.0;
				PRODUCT_BUNDLE_IDENTIFIER = "com.kotaro.work-out-watch-Watch-AppUITests";
				PRODUCT_NAME = "$(TARGET_NAME)";
				SDKROOT = watchos;
				SWIFT_EMIT_LOC_STRINGS = NO;
				SWIFT_VERSION = 5.0;
				TARGETED_DEVICE_FAMILY = 4;
				TEST_TARGET_NAME = "work_out_watch Watch App";
				WATCHOS_DEPLOYMENT_TARGET = 11.5;
			};
			name = Debug;
		};
		8AB888F52E6C06FC0028DD17 /* Release */ = {
			isa = XCBuildConfiguration;
			buildSettings = {
				CODE_SIGN_STYLE = Automatic;
				CURRENT_PROJECT_VERSION = 1;
				DEVELOPMENT_TEAM = WBQR8WS2B2;
				GENERATE_INFOPLIST_FILE = YES;
				MARKETING_VERSION = 1.0;
				PRODUCT_BUNDLE_IDENTIFIER = "com.kotaro.work-out-watch-Watch-AppUITests";
				PRODUCT_NAME = "$(TARGET_NAME)";
				SDKROOT = watchos;
				SWIFT_EMIT_LOC_STRINGS = NO;
				SWIFT_VERSION = 5.0;
				TARGETED_DEVICE_FAMILY = 4;
				TEST_TARGET_NAME = "work_out_watch Watch App";
				VALIDATE_PRODUCT = YES;
				WATCHOS_DEPLOYMENT_TARGET = 11.5;
			};
			name = Release;
		};
/* End XCBuildConfiguration section */

/* Begin XCConfigurationList section */
		8AB888982E6C06FA0028DD17 /* Build configuration list for PBXProject "work_out_watch" */ = {
			isa = XCConfigurationList;
			buildConfigurations = (
				8AB888E12E6C06FC0028DD17 /* Debug */,
				8AB888E22E6C06FC0028DD17 /* Release */,
			);
			defaultConfigurationIsVisible = 0;
			defaultConfigurationName = Release;
		};
		8AB888E32E6C06FC0028DD17 /* Build configuration list for PBXNativeTarget "work_out_watch Watch App" */ = {
			isa = XCConfigurationList;
			buildConfigurations = (
				8AB888E42E6C06FC0028DD17 /* Debug */,
				8AB888E52E6C06FC0028DD17 /* Release */,
			);
			defaultConfigurationIsVisible = 0;
			defaultConfigurationName = Release;
		};
		8AB888E72E6C06FC0028DD17 /* Build configuration list for PBXNativeTarget "work_out_watch" */ = {
			isa = XCConfigurationList;
			buildConfigurations = (
				8AB888E82E6C06FC0028DD17 /* Debug */,
				8AB888E92E6C06FC0028DD17 /* Release */,
			);
			defaultConfigurationIsVisible = 0;
			defaultConfigurationName = Release;
		};
		8AB888EA2E6C06FC0028DD17 /* Build configuration list for PBXNativeTarget "work_out_watchTests" */ = {
			isa = XCConfigurationList;
			buildConfigurations = (
				8AB888EB2E6C06FC0028DD17 /* Debug */,
				8AB888EC2E6C06FC0028DD17 /* Release */,
			);
			defaultConfigurationIsVisible = 0;
			defaultConfigurationName = Release;
		};
		8AB888ED2E6C06FC0028DD17 /* Build configuration list for PBXNativeTarget "work_out_watchUITests" */ = {
			isa = XCConfigurationList;
			buildConfigurations = (
				8AB888EE2E6C06FC0028DD17 /* Debug */,
				8AB888EF2E6C06FC0028DD17 /* Release */,
			);
			defaultConfigurationIsVisible = 0;
			defaultConfigurationName = Release;
		};
		8AB888F02E6C06FC0028DD17 /* Build configuration list for PBXNativeTarget "work_out_watch Watch AppTests" */ = {
			isa = XCConfigurationList;
			buildConfigurations = (
				8AB888F12E6C06FC0028DD17 /* Debug */,
				8AB888F22E6C06FC0028DD17 /* Release */,
			);
			defaultConfigurationIsVisible = 0;
			defaultConfigurationName = Release;
		};
		8AB888F32E6C06FC0028DD17 /* Build configuration list for PBXNativeTarget "work_out_watch Watch AppUITests" */ = {
			isa = XCConfigurationList;
			buildConfigurations = (
				8AB888F42E6C06FC0028DD17 /* Debug */,
				8AB888F52E6C06FC0028DD17 /* Release */,
			);
			defaultConfigurationIsVisible = 0;
			defaultConfigurationName = Release;
		};
/* End XCConfigurationList section */
	};
	rootObject = 8AB888952E6C06FA0028DD17 /* Project object */;
}
